{
  "pins" : [
    {
      "identity" : "swift-argument-parser",
      "kind" : "remoteSourceControl",
      "location" : "https://github.com/apple/swift-argument-parser",
      "state" : {
        "revision" : "8f4d2753f0e4778c76d5f05ad16c74f707390531",
        "version" : "1.2.3"
      }
    },
    {
      "identity" : "swift-format",
      "kind" : "remoteSourceControl",
      "location" : "https://github.com/apple/swift-format.git",
      "state" : {
        "branch" : "release/5.9",
        "revision" : "1323e87eced56bdcfed1bb78af1f16f39274d032"
      }
    },
    {
      "identity" : "swift-syntax",
      "kind" : "remoteSourceControl",
      "location" : "https://github.com/apple/swift-syntax.git",
      "state" : {
        "branch" : "release/5.9",
        "revision" : "9a101b70eee2a9dec04f92d2d47b22ebe57a1aae"
      }
    }
  ],
  "version" : 2
}
